{
  "name": "lesson3-animate",
  "version": "0.0.0",
  "lockfileVersion": 2,
  "requires": true,
  "packages": {
    "": {
      "name": "lesson3-animate",
      "version": "0.0.0",
      "dependencies": {
        "@webgpu/glslang": "0.0.12",
        "@webgpu/types": "^0.1.13",
        "three": "^0.125.2"
      },
      "devDependencies": {
        "vite": "^2.3.8"
      }
    },
    "node_modules/@webgpu/glslang": {
      "version": "0.0.12",
      "resolved": "http://registry.npmjs.lianjia.com:7001/@webgpu/glslang/download/@webgpu/glslang-0.0.12.tgz",
      "integrity": "sha1-7kDo04wxQ2UIFH/q8PZG/em7TaY="
    },
    "node_modules/@webgpu/types": {
      "version": "0.1.13",
      "resolved": "https://registry.npmjs.org/@webgpu/types/-/types-0.1.13.tgz",
      "integrity": "sha512-SAq8FRONvMANQi/eXw5ArKfSvih6am/EC+5y7+du2xf1VyprtKn4ylUPKGW4T6ZkDogtH3xZgGE+J/cx601L5w=="
    },
    "node_modules/colorette": {
      "version": "1.2.2",
      "resolved": "http://artifactory.intra.ke.com/artifactory/api/npm/npm-virtual/colorette/download/colorette-1.2.2.tgz",
      "integrity": "sha1-y8x51emcrqLb8Q6zom/Ys+as+pQ=",
      "dev": true,
      "license": "MIT"
    },
    "node_modules/esbuild": {
      "version": "0.12.9",
      "resolved": "http://artifactory.intra.ke.com/artifactory/api/npm/npm-virtual/esbuild/download/esbuild-0.12.9.tgz",
      "integrity": "sha1-vtTnCHwobNgdl1Yx931H/rFmAHA=",
      "dev": true,
      "hasInstallScript": true,
      "license": "MIT",
      "bin": {
        "esbuild": "bin/esbuild"
      }
    },
    "node_modules/fsevents": {
      "version": "2.3.2",
      "resolved": "https://registry.npm.taobao.org/fsevents/download/fsevents-2.3.2.tgz?cache=0&sync_timestamp=1612536422255&other_urls=https%3A%2F%2Fregistry.npm.taobao.org%2Ffsevents%2Fdownload%2Ffsevents-2.3.2.tgz",
      "integrity": "sha1-ilJveLj99GI7cJ4Ll1xSwkwC/Ro=",
      "dev": true,
      "optional": true,
      "os": [
        "darwin"
      ],
      "engines": {
        "node": "^8.16.0 || ^10.6.0 || >=11.0.0"
      }
    },
    "node_modules/function-bind": {
      "version": "1.1.1",
      "resolved": "https://registry.npm.taobao.org/function-bind/download/function-bind-1.1.1.tgz",
      "integrity": "sha1-pWiZ0+o8m6uHS7l3O3xe3pL0iV0=",
      "dev": true
    },
    "node_modules/has": {
      "version": "1.0.3",
      "resolved": "https://registry.npm.taobao.org/has/download/has-1.0.3.tgz",
      "integrity": "sha1-ci18v8H2qoJB8W3YFOAR4fQeh5Y=",
      "dev": true,
      "dependencies": {
        "function-bind": "^1.1.1"
      },
      "engines": {
        "node": ">= 0.4.0"
      }
    },
    "node_modules/is-core-module": {
      "version": "2.2.0",
      "resolved": "https://registry.npm.taobao.org/is-core-module/download/is-core-module-2.2.0.tgz?cache=0&sync_timestamp=1606411621990&other_urls=https%3A%2F%2Fregistry.npm.taobao.org%2Fis-core-module%2Fdownload%2Fis-core-module-2.2.0.tgz",
      "integrity": "sha1-lwN+89UiJNhRY/VZeytj2a/tmBo=",
      "dev": true,
      "dependencies": {
        "has": "^1.0.3"
      }
    },
    "node_modules/nanoid": {
      "version": "3.3.0",
      "resolved": "https://registry.npmjs.org/nanoid/-/nanoid-3.3.0.tgz",
      "integrity": "sha512-JzxqqT5u/x+/KOFSd7JP15DOo9nOoHpx6DYatqIHUW2+flybkm+mdcraotSQR5WcnZr+qhGVh8Ted0KdfSMxlg==",
      "dev": true,
      "bin": {
        "nanoid": "bin/nanoid.cjs"
      },
      "engines": {
        "node": "^10 || ^12 || ^13.7 || ^14 || >=15.0.1"
      }
    },
    "node_modules/path-parse": {
      "version": "1.0.7",
      "resolved": "https://registry.npmjs.org/path-parse/-/path-parse-1.0.7.tgz",
      "integrity": "sha512-LDJzPVEEEPR+y48z93A0Ed0yXb8pAByGWo/k5YYdYgpY2/2EsOsksJrq7lOHxryrVOn1ejG6oAp8ahvOIQD8sw==",
      "dev": true
    },
    "node_modules/postcss": {
      "version": "8.3.5",
      "resolved": "http://artifactory.intra.ke.com/artifactory/api/npm/npm-virtual/postcss/download/postcss-8.3.5.tgz",
      "integrity": "sha1-mCIWsRNBK8IKhiiekeuZSVKltwk=",
      "dev": true,
      "license": "MIT",
      "dependencies": {
        "colorette": "^1.2.2",
        "nanoid": "^3.1.23",
        "source-map-js": "^0.6.2"
      },
      "engines": {
        "node": "^10 || ^12 || >=14"
      },
      "funding": {
        "type": "opencollective",
        "url": "https://opencollective.com/postcss/"
      }
    },
    "node_modules/rollup": {
      "version": "2.39.0",
      "resolved": "https://registry.npm.taobao.org/rollup/download/rollup-2.39.0.tgz?cache=0&sync_timestamp=1613145837486&other_urls=https%3A%2F%2Fregistry.npm.taobao.org%2Frollup%2Fdownload%2Frollup-2.39.0.tgz",
      "integrity": "sha1-vk+YyeQheTqP7ILIVPtWfDXiKrY=",
      "dev": true,
      "bin": {
        "rollup": "dist/bin/rollup"
      },
      "engines": {
        "node": ">=10.0.0"
      },
      "optionalDependencies": {
        "fsevents": "~2.3.1"
      }
    },
    "node_modules/source-map-js": {
      "version": "0.6.2",
      "resolved": "http://artifactory.intra.ke.com/artifactory/api/npm/npm-virtual/source-map-js/download/source-map-js-0.6.2.tgz",
      "integrity": "sha1-C7XeYxtBz72mz7qL0FqA79/SOF4=",
      "dev": true,
      "license": "BSD-3-Clause",
      "engines": {
        "node": ">=0.10.0"
      }
    },
    "node_modules/three": {
      "version": "0.125.2",
      "resolved": "https://registry.npm.taobao.org/three/download/three-0.125.2.tgz",
      "integrity": "sha1-3LoSdJoutBUi4VISuRnNP79ymxI="
    },
    "node_modules/vite": {
      "version": "2.3.8",
      "resolved": "http://artifactory.intra.ke.com/artifactory/api/npm/npm-virtual/vite/download/vite-2.3.8.tgz",
      "integrity": "sha1-QuPgOVOFn9QQ5OarPRzKCqsq3Dw=",
      "dev": true,
      "license": "MIT",
      "dependencies": {
        "esbuild": "^0.12.8",
        "postcss": "^8.3.4",
        "resolve": "^1.20.0",
        "rollup": "^2.38.5"
      },
      "bin": {
        "vite": "bin/vite.js"
      },
      "engines": {
        "node": ">=12.0.0"
      },
      "optionalDependencies": {
        "fsevents": "~2.3.2"
      }
    },
    "node_modules/vite/node_modules/resolve": {
      "version": "1.20.0",
      "resolved": "https://registry.npm.taobao.org/resolve/download/resolve-1.20.0.tgz",
      "integrity": "sha1-YpoBP7P3B1XW8LeTXMHCxTeLGXU=",
      "dev": true,
      "dependencies": {
        "is-core-module": "^2.2.0",
        "path-parse": "^1.0.6"
      }
    }
  },
  "dependencies": {
    "@webgpu/glslang": {
      "version": "0.0.12",
      "resolved": "http://registry.npmjs.lianjia.com:7001/@webgpu/glslang/download/@webgpu/glslang-0.0.12.tgz",
      "integrity": "sha1-7kDo04wxQ2UIFH/q8PZG/em7TaY="
    },
    "@webgpu/types": {
      "version": "0.1.13",
      "resolved": "https://registry.npmjs.org/@webgpu/types/-/types-0.1.13.tgz",
      "integrity": "sha512-SAq8FRONvMANQi/eXw5ArKfSvih6am/EC+5y7+du2xf1VyprtKn4ylUPKGW4T6ZkDogtH3xZgGE+J/cx601L5w=="
    },
    "colorette": {
      "version": "1.2.2",
      "resolved": "http://artifactory.intra.ke.com/artifactory/api/npm/npm-virtual/colorette/download/colorette-1.2.2.tgz",
      "integrity": "sha1-y8x51emcrqLb8Q6zom/Ys+as+pQ=",
      "dev": true
    },
    "esbuild": {
      "version": "0.12.9",
      "resolved": "http://artifactory.intra.ke.com/artifactory/api/npm/npm-virtual/esbuild/download/esbuild-0.12.9.tgz",
      "integrity": "sha1-vtTnCHwobNgdl1Yx931H/rFmAHA=",
      "dev": true
    },
    "fsevents": {
      "version": "2.3.2",
      "resolved": "https://registry.npm.taobao.org/fsevents/download/fsevents-2.3.2.tgz?cache=0&sync_timestamp=1612536422255&other_urls=https%3A%2F%2Fregistry.npm.taobao.org%2Ffsevents%2Fdownload%2Ffsevents-2.3.2.tgz",
      "integrity": "sha1-ilJveLj99GI7cJ4Ll1xSwkwC/Ro=",
      "dev": true,
      "optional": true
    },
    "function-bind": {
      "version": "1.1.1",
      "resolved": "https://registry.npm.taobao.org/function-bind/download/function-bind-1.1.1.tgz",
      "integrity": "sha1-pWiZ0+o8m6uHS7l3O3xe3pL0iV0=",
      "dev": true
    },
    "has": {
      "version": "1.0.3",
      "resolved": "https://registry.npm.taobao.org/has/download/has-1.0.3.tgz",
      "integrity": "sha1-ci18v8H2qoJB8W3YFOAR4fQeh5Y=",
      "dev": true,
      "requires": {
        "function-bind": "^1.1.1"
      }
    },
    "is-core-module": {
      "version": "2.2.0",
      "resolved": "https://registry.npm.taobao.org/is-core-module/download/is-core-module-2.2.0.tgz?cache=0&sync_timestamp=1606411621990&other_urls=https%3A%2F%2Fregistry.npm.taobao.org%2Fis-core-module%2Fdownload%2Fis-core-module-2.2.0.tgz",
      "integrity": "sha1-lwN+89UiJNhRY/VZeytj2a/tmBo=",
      "dev": true,
      "requires": {
        "has": "^1.0.3"
      }
    },
    "nanoid": {
      "version": "3.3.0",
      "resolved": "https://registry.npmjs.org/nanoid/-/nanoid-3.3.0.tgz",
      "integrity": "sha512-JzxqqT5u/x+/KOFSd7JP15DOo9nOoHpx6DYatqIHUW2+flybkm+mdcraotSQR5WcnZr+qhGVh8Ted0KdfSMxlg==",
      "dev": true
    },
    "path-parse": {
      "version": "1.0.7",
      "resolved": "https://registry.npmjs.org/path-parse/-/path-parse-1.0.7.tgz",
      "integrity": "sha512-LDJzPVEEEPR+y48z93A0Ed0yXb8pAByGWo/k5YYdYgpY2/2EsOsksJrq7lOHxryrVOn1ejG6oAp8ahvOIQD8sw==",
      "dev": true
    },
    "postcss": {
      "version": "8.3.5",
      "resolved": "http://artifactory.intra.ke.com/artifactory/api/npm/npm-virtual/postcss/download/postcss-8.3.5.tgz",
      "integrity": "sha1-mCIWsRNBK8IKhiiekeuZSVKltwk=",
      "dev": true,
      "requires": {
        "colorette": "^1.2.2",
        "nanoid": "^3.1.23",
        "source-map-js": "^0.6.2"
      }
    },
    "rollup": {
      "version": "2.39.0",
      "resolved": "https://registry.npm.taobao.org/rollup/download/rollup-2.39.0.tgz?cache=0&sync_timestamp=1613145837486&other_urls=https%3A%2F%2Fregistry.npm.taobao.org%2Frollup%2Fdownload%2Frollup-2.39.0.tgz",
      "integrity": "sha1-vk+YyeQheTqP7ILIVPtWfDXiKrY=",
      "dev": true,
      "requires": {
        "fsevents": "~2.3.1"
      }
    },
    "source-map-js": {
      "version": "0.6.2",
      "resolved": "http://artifactory.intra.ke.com/artifactory/api/npm/npm-virtual/source-map-js/download/source-map-js-0.6.2.tgz",
      "integrity": "sha1-C7XeYxtBz72mz7qL0FqA79/SOF4=",
      "dev": true
    },
    "three": {
      "version": "0.125.2",
      "resolved": "https://registry.npm.taobao.org/three/download/three-0.125.2.tgz",
      "integrity": "sha1-3LoSdJoutBUi4VISuRnNP79ymxI="
    },
    "vite": {
      "version": "2.3.8",
      "resolved": "http://artifactory.intra.ke.com/artifactory/api/npm/npm-virtual/vite/download/vite-2.3.8.tgz",
      "integrity": "sha1-QuPgOVOFn9QQ5OarPRzKCqsq3Dw=",
      "dev": true,
      "requires": {
        "esbuild": "^0.12.8",
        "fsevents": "~2.3.2",
        "postcss": "^8.3.4",
        "resolve": "^1.20.0",
        "rollup": "^2.38.5"
      },
      "dependencies": {
        "resolve": {
          "version": "1.20.0",
          "resolved": "https://registry.npm.taobao.org/resolve/download/resolve-1.20.0.tgz",
          "integrity": "sha1-YpoBP7P3B1XW8LeTXMHCxTeLGXU=",
          "dev": true,
          "requires": {
            "is-core-module": "^2.2.0",
            "path-parse": "^1.0.6"
          }
        }
      }
    }
  }
}
