{
  "name": "lesson1-triangle-and-square",
  "version": "0.0.0",
  "lockfileVersion": 1,
  "requires": true,
  "dependencies": {
    "@webgpu/glslang": {
      "version": "0.0.12",
      "resolved": "http://registry.npmjs.lianjia.com:7001/@webgpu/glslang/download/@webgpu/glslang-0.0.12.tgz",
      "integrity": "sha1-7kDo04wxQ2UIFH/q8PZG/em7TaY="
    },
    "@webgpu/types": {
      "version": "0.0.45",
      "resolved": "https://registry.npm.taobao.org/@webgpu/types/download/@webgpu/types-0.0.45.tgz",
      "integrity": "sha1-zvmX/36gTthGL1yHSzzvBCRoGT0="
    },
    "esbuild": {
      "version": "0.8.49",
      "resolved": "https://registry.npm.taobao.org/esbuild/download/esbuild-0.8.49.tgz?cache=0&sync_timestamp=1613723913312&other_urls=https%3A%2F%2Fregistry.npm.taobao.org%2Fesbuild%2Fdownload%2Fesbuild-0.8.49.tgz",
      "integrity": "sha1-PTP3GzlmYR+CLPTIOBFfP70W3vI=",
      "dev": true
    },
    "fsevents": {
      "version": "2.3.2",
      "resolved": "https://registry.npm.taobao.org/fsevents/download/fsevents-2.3.2.tgz?cache=0&sync_timestamp=1612536422255&other_urls=https%3A%2F%2Fregistry.npm.taobao.org%2Ffsevents%2Fdownload%2Ffsevents-2.3.2.tgz",
      "integrity": "sha1-ilJveLj99GI7cJ4Ll1xSwkwC/Ro=",
      "dev": true,
      "optional": true
    },
    "function-bind": {
      "version": "1.1.1",
      "resolved": "https://registry.npm.taobao.org/function-bind/download/function-bind-1.1.1.tgz",
      "integrity": "sha1-pWiZ0+o8m6uHS7l3O3xe3pL0iV0=",
      "dev": true
    },
    "has": {
      "version": "1.0.3",
      "resolved": "https://registry.npm.taobao.org/has/download/has-1.0.3.tgz",
      "integrity": "sha1-ci18v8H2qoJB8W3YFOAR4fQeh5Y=",
      "dev": true,
      "requires": {
        "function-bind": "^1.1.1"
      }
    },
    "is-core-module": {
      "version": "2.2.0",
      "resolved": "https://registry.npm.taobao.org/is-core-module/download/is-core-module-2.2.0.tgz?cache=0&sync_timestamp=1606411621990&other_urls=https%3A%2F%2Fregistry.npm.taobao.org%2Fis-core-module%2Fdownload%2Fis-core-module-2.2.0.tgz",
      "integrity": "sha1-lwN+89UiJNhRY/VZeytj2a/tmBo=",
      "dev": true,
      "requires": {
        "has": "^1.0.3"
      }
    },
    "path-parse": {
      "version": "1.0.6",
      "resolved": "http://registry.npmjs.lianjia.com:7001/path-parse/download/path-parse-1.0.6.tgz",
      "integrity": "sha1-1i27VnlAXXLEc37FhgDp3c8G0kw=",
      "dev": true
    },
    "postcss": {
      "version": "8.3.4",
      "resolved": "https://registry.npmjs.org/postcss/-/postcss-8.3.4.tgz",
      "integrity": "sha512-/tZY0PXExXXnNhKv3TOvZAOUYRyuqcCbBm2c17YMDK0PlVII3K7/LKdt3ScHL+hhouddjUWi+1sKDf9xXW+8YA==",
      "dev": true,
      "requires": {
        "colorette": "^1.2.2",
        "nanoid": "^3.1.23",
        "source-map-js": "^0.6.2"
      },
      "dependencies": {
        "colorette": {
          "version": "1.2.2",
          "resolved": "https://registry.npmjs.org/colorette/-/colorette-1.2.2.tgz",
          "integrity": "sha512-MKGMzyfeuutC/ZJ1cba9NqcNpfeqMUcYmyF1ZFY6/Cn7CNSAKx6a+s48sqLqyAiZuaP2TcqMhoo+dlwFnVxT9w==",
          "dev": true
        },
        "nanoid": {
          "version": "3.1.23",
          "resolved": "https://registry.npmjs.org/nanoid/-/nanoid-3.1.23.tgz",
          "integrity": "sha512-FiB0kzdP0FFVGDKlRLEQ1BgDzU87dy5NnzjeW9YZNt+/c3+q82EQDUwniSAUxp/F0gFNI1ZhKU1FqYsMuqZVnw==",
          "dev": true
        }
      }
    },
    "rollup": {
      "version": "2.39.0",
      "resolved": "https://registry.npm.taobao.org/rollup/download/rollup-2.39.0.tgz?cache=0&sync_timestamp=1613145837486&other_urls=https%3A%2F%2Fregistry.npm.taobao.org%2Frollup%2Fdownload%2Frollup-2.39.0.tgz",
      "integrity": "sha1-vk+YyeQheTqP7ILIVPtWfDXiKrY=",
      "dev": true,
      "requires": {
        "fsevents": "~2.3.1"
      }
    },
    "source-map-js": {
      "version": "0.6.2",
      "resolved": "https://registry.npmjs.org/source-map-js/-/source-map-js-0.6.2.tgz",
      "integrity": "sha512-/3GptzWzu0+0MBQFrDKzw/DvvMTUORvgY6k6jd/VS6iCR4RDTKWH6v6WPwQoUO8667uQEf9Oe38DxAYWY5F/Ug==",
      "dev": true
    },
    "three": {
      "version": "0.125.2",
      "resolved": "https://registry.npm.taobao.org/three/download/three-0.125.2.tgz",
      "integrity": "sha1-3LoSdJoutBUi4VISuRnNP79ymxI="
    },
    "vite": {
      "version": "2.0.1",
      "resolved": "https://registry.npm.taobao.org/vite/download/vite-2.0.1.tgz",
      "integrity": "sha1-NI/FwN5RCqkL0B7Ph98hDOdBs44=",
      "dev": true,
      "requires": {
        "esbuild": "^0.8.34",
        "fsevents": "~2.3.1",
        "postcss": "^8.2.1",
        "resolve": "^1.19.0",
        "rollup": "^2.38.5"
      },
      "dependencies": {
        "resolve": {
          "version": "1.20.0",
          "resolved": "https://registry.npm.taobao.org/resolve/download/resolve-1.20.0.tgz",
          "integrity": "sha1-YpoBP7P3B1XW8LeTXMHCxTeLGXU=",
          "dev": true,
          "requires": {
            "is-core-module": "^2.2.0",
            "path-parse": "^1.0.6"
          }
        }
      }
    }
  }
}
